
Microsoft Visual Studio Solution File, Format Version 12.00
# Visual Studio Version 16
VisualStudioVersion = 16.0.30503.244
MinimumVisualStudioVersion = 15.0.26124.0
Project("{2150E333-8FDC-42A3-9474-1A3956D46DE8}") = "Solution Items", "Solution Items", "{C1069D5E-EFA6-4B98-A849-87BD0421CD61}"
EndProject
Project("{FAE04EC0-301F-11D3-BF4B-00C04F79EFBC}") = "TRMDataManager", "TRMDataManager\TRMDataManager.csproj", "{52B51379-FC7E-4E86-8E58-9B3BCCEEE39D}"
EndProject
Project("{00D1A9C2-B5F0-4AF3-8072-F6C62B433612}") = "TRMData", "TRMData\TRMData.sqlproj", "{82170010-3BB6-4A0F-A6DB-A4C811B4F655}"
EndProject
Project("{FAE04EC0-301F-11D3-BF4B-00C04F79EFBC}") = "TRMWPFDesktopUserInterface", "TRMWPFUserInterface\TRMWPFDesktopUserInterface.csproj", "{A7AF43C7-1F02-4FC5-891D-DF588B36BE75}"
EndProject
Project("{FAE04EC0-301F-11D3-BF4B-00C04F79EFBC}") = "TRMDataManager.Library", "TRMDataManager.Library\TRMDataManager.Library.csproj", "{CCF73AED-3F65-4BAA-948C-78161E484FD4}"
EndProject
Project("{FAE04EC0-301F-11D3-BF4B-00C04F79EFBC}") = "TRMWPFDesktopUserInterface.Library", "TRMWPFDesktopUserInterface.Library\TRMWPFDesktopUserInterface.Library.csproj", "{FF808DBA-861C-4662-9417-8ADBC0DF001B}"
EndProject
Global
	GlobalSection(SolutionConfigurationPlatforms) = preSolution
		Debug|Any CPU = Debug|Any CPU
		Debug|x64 = Debug|x64
		Debug|x86 = Debug|x86
		Release|Any CPU = Release|Any CPU
		Release|x64 = Release|x64
		Release|x86 = Release|x86
	EndGlobalSection
	GlobalSection(ProjectConfigurationPlatforms) = postSolution
		{52B51379-FC7E-4E86-8E58-9B3BCCEEE39D}.Debug|Any CPU.ActiveCfg = Debug|Any CPU
		{52B51379-FC7E-4E86-8E58-9B3BCCEEE39D}.Debug|Any CPU.Build.0 = Debug|Any CPU
		{52B51379-FC7E-4E86-8E58-9B3BCCEEE39D}.Debug|x64.ActiveCfg = Debug|Any CPU
		{52B51379-FC7E-4E86-8E58-9B3BCCEEE39D}.Debug|x64.Build.0 = Debug|Any CPU
		{52B51379-FC7E-4E86-8E58-9B3BCCEEE39D}.Debug|x86.ActiveCfg = Debug|Any CPU
		{52B51379-FC7E-4E86-8E58-9B3BCCEEE39D}.Debug|x86.Build.0 = Debug|Any CPU
		{52B51379-FC7E-4E86-8E58-9B3BCCEEE39D}.Release|Any CPU.ActiveCfg = Release|Any CPU
		{52B51379-FC7E-4E86-8E58-9B3BCCEEE39D}.Release|Any CPU.Build.0 = Release|Any CPU
		{52B51379-FC7E-4E86-8E58-9B3BCCEEE39D}.Release|x64.ActiveCfg = Release|Any CPU
		{52B51379-FC7E-4E86-8E58-9B3BCCEEE39D}.Release|x64.Build.0 = Release|Any CPU
		{52B51379-FC7E-4E86-8E58-9B3BCCEEE39D}.Release|x86.ActiveCfg = Release|Any CPU
		{52B51379-FC7E-4E86-8E58-9B3BCCEEE39D}.Release|x86.Build.0 = Release|Any CPU
		{82170010-3BB6-4A0F-A6DB-A4C811B4F655}.Debug|Any CPU.ActiveCfg = Debug|Any CPU
		{82170010-3BB6-4A0F-A6DB-A4C811B4F655}.Debug|Any CPU.Build.0 = Debug|Any CPU
		{82170010-3BB6-4A0F-A6DB-A4C811B4F655}.Debug|Any CPU.Deploy.0 = Debug|Any CPU
		{82170010-3BB6-4A0F-A6DB-A4C811B4F655}.Debug|x64.ActiveCfg = Debug|Any CPU
		{82170010-3BB6-4A0F-A6DB-A4C811B4F655}.Debug|x64.Build.0 = Debug|Any CPU
		{82170010-3BB6-4A0F-A6DB-A4C811B4F655}.Debug|x64.Deploy.0 = Debug|Any CPU
		{82170010-3BB6-4A0F-A6DB-A4C811B4F655}.Debug|x86.ActiveCfg = Debug|Any CPU
		{82170010-3BB6-4A0F-A6DB-A4C811B4F655}.Debug|x86.Build.0 = Debug|Any CPU
		{82170010-3BB6-4A0F-A6DB-A4C811B4F655}.Debug|x86.Deploy.0 = Debug|Any CPU
		{82170010-3BB6-4A0F-A6DB-A4C811B4F655}.Release|Any CPU.ActiveCfg = Release|Any CPU
		{82170010-3BB6-4A0F-A6DB-A4C811B4F655}.Release|Any CPU.Build.0 = Release|Any CPU
		{82170010-3BB6-4A0F-A6DB-A4C811B4F655}.Release|Any CPU.Deploy.0 = Release|Any CPU
		{82170010-3BB6-4A0F-A6DB-A4C811B4F655}.Release|x64.ActiveCfg = Release|Any CPU
		{82170010-3BB6-4A0F-A6DB-A4C811B4F655}.Release|x64.Build.0 = Release|Any CPU
		{82170010-3BB6-4A0F-A6DB-A4C811B4F655}.Release|x64.Deploy.0 = Release|Any CPU
		{82170010-3BB6-4A0F-A6DB-A4C811B4F655}.Release|x86.ActiveCfg = Release|Any CPU
		{82170010-3BB6-4A0F-A6DB-A4C811B4F655}.Release|x86.Build.0 = Release|Any CPU
		{82170010-3BB6-4A0F-A6DB-A4C811B4F655}.Release|x86.Deploy.0 = Release|Any CPU
		{A7AF43C7-1F02-4FC5-891D-DF588B36BE75}.Debug|Any CPU.ActiveCfg = Debug|Any CPU
		{A7AF43C7-1F02-4FC5-891D-DF588B36BE75}.Debug|Any CPU.Build.0 = Debug|Any CPU
		{A7AF43C7-1F02-4FC5-891D-DF588B36BE75}.Debug|x64.ActiveCfg = Debug|Any CPU
		{A7AF43C7-1F02-4FC5-891D-DF588B36BE75}.Debug|x64.Build.0 = Debug|Any CPU
		{A7AF43C7-1F02-4FC5-891D-DF588B36BE75}.Debug|x86.ActiveCfg = Debug|Any CPU
		{A7AF43C7-1F02-4FC5-891D-DF588B36BE75}.Debug|x86.Build.0 = Debug|Any CPU
		{A7AF43C7-1F02-4FC5-891D-DF588B36BE75}.Release|Any CPU.ActiveCfg = Release|Any CPU
		{A7AF43C7-1F02-4FC5-891D-DF588B36BE75}.Release|Any CPU.Build.0 = Release|Any CPU
		{A7AF43C7-1F02-4FC5-891D-DF588B36BE75}.Release|x64.ActiveCfg = Release|Any CPU
		{A7AF43C7-1F02-4FC5-891D-DF588B36BE75}.Release|x64.Build.0 = Release|Any CPU
		{A7AF43C7-1F02-4FC5-891D-DF588B36BE75}.Release|x86.ActiveCfg = Release|Any CPU
		{A7AF43C7-1F02-4FC5-891D-DF588B36BE75}.Release|x86.Build.0 = Release|Any CPU
		{CCF73AED-3F65-4BAA-948C-78161E484FD4}.Debug|Any CPU.ActiveCfg = Debug|Any CPU
		{CCF73AED-3F65-4BAA-948C-78161E484FD4}.Debug|Any CPU.Build.0 = Debug|Any CPU
		{CCF73AED-3F65-4BAA-948C-78161E484FD4}.Debug|x64.ActiveCfg = Debug|Any CPU
		{CCF73AED-3F65-4BAA-948C-78161E484FD4}.Debug|x64.Build.0 = Debug|Any CPU
		{CCF73AED-3F65-4BAA-948C-78161E484FD4}.Debug|x86.ActiveCfg = Debug|Any CPU
		{CCF73AED-3F65-4BAA-948C-78161E484FD4}.Debug|x86.Build.0 = Debug|Any CPU
		{CCF73AED-3F65-4BAA-948C-78161E484FD4}.Release|Any CPU.ActiveCfg = Release|Any CPU
		{CCF73AED-3F65-4BAA-948C-78161E484FD4}.Release|Any CPU.Build.0 = Release|Any CPU
		{CCF73AED-3F65-4BAA-948C-78161E484FD4}.Release|x64.ActiveCfg = Release|Any CPU
		{CCF73AED-3F65-4BAA-948C-78161E484FD4}.Release|x64.Build.0 = Release|Any CPU
		{CCF73AED-3F65-4BAA-948C-78161E484FD4}.Release|x86.ActiveCfg = Release|Any CPU
		{CCF73AED-3F65-4BAA-948C-78161E484FD4}.Release|x86.Build.0 = Release|Any CPU
		{FF808DBA-861C-4662-9417-8ADBC0DF001B}.Debug|Any CPU.ActiveCfg = Debug|Any CPU
		{FF808DBA-861C-4662-9417-8ADBC0DF001B}.Debug|Any CPU.Build.0 = Debug|Any CPU
		{FF808DBA-861C-4662-9417-8ADBC0DF001B}.Debug|x64.ActiveCfg = Debug|Any CPU
		{FF808DBA-861C-4662-9417-8ADBC0DF001B}.Debug|x64.Build.0 = Debug|Any CPU
		{FF808DBA-861C-4662-9417-8ADBC0DF001B}.Debug|x86.ActiveCfg = Debug|Any CPU
		{FF808DBA-861C-4662-9417-8ADBC0DF001B}.Debug|x86.Build.0 = Debug|Any CPU
		{FF808DBA-861C-4662-9417-8ADBC0DF001B}.Release|Any CPU.ActiveCfg = Release|Any CPU
		{FF808DBA-861C-4662-9417-8ADBC0DF001B}.Release|Any CPU.Build.0 = Release|Any CPU
		{FF808DBA-861C-4662-9417-8ADBC0DF001B}.Release|x64.ActiveCfg = Release|Any CPU
		{FF808DBA-861C-4662-9417-8ADBC0DF001B}.Release|x64.Build.0 = Release|Any CPU
		{FF808DBA-861C-4662-9417-8ADBC0DF001B}.Release|x86.ActiveCfg = Release|Any CPU
		{FF808DBA-861C-4662-9417-8ADBC0DF001B}.Release|x86.Build.0 = Release|Any CPU
	EndGlobalSection
	GlobalSection(SolutionProperties) = preSolution
		HideSolutionNode = FALSE
	EndGlobalSection
	GlobalSection(ExtensibilityGlobals) = postSolution
		SolutionGuid = {214A294A-3AEB-40AB-B78B-5CB6548DF114}
	EndGlobalSection
EndGlobal
